
Microsoft Visual Studio Solution File, Format Version 12.00
# Visual Studio 14
VisualStudioVersion = 14.0.24720.0
MinimumVisualStudioVersion = 10.0.40219.1
Project("{8BC9CEB8-8B4A-11D0-8D11-00A0C91BC942}") = "UnMyote", "emg-data-sample-VisualStudio2013.vcxproj", "{84A009B7-A1C8-4C96-BEF5-BC098CA4C2C2}"
EndProject
Project("{FAE04EC0-301F-11D3-BF4B-00C04F79EFBC}") = "ExtractData", "ExtractData\ExtractData.csproj", "{1E05DB76-6798-4598-B145-0F057523148F}"
EndProject
Project("{8BC9CEB8-8B4A-11D0-8D11-00A0C91BC942}") = "AcquireDatas", "AcquireDatas\AcquireDatas.vcxproj", "{237FC66A-A2AB-4E2D-8231-C31BC6F1538D}"
EndProject
Project("{8BC9CEB8-8B4A-11D0-8D11-00A0C91BC942}") = "ProgramManager", "ProgramManager\ProgramManager.vcxproj", "{9A2BD3EF-6391-4586-907B-7A9652E85426}"
EndProject
Global
	GlobalSection(SolutionConfigurationPlatforms) = preSolution
		Debug|Any CPU = Debug|Any CPU
		Debug|x64 = Debug|x64
		Debug|x86 = Debug|x86
		Release|Any CPU = Release|Any CPU
		Release|x64 = Release|x64
		Release|x86 = Release|x86
	EndGlobalSection
	GlobalSection(ProjectConfigurationPlatforms) = postSolution
		{84A009B7-A1C8-4C96-BEF5-BC098CA4C2C2}.Debug|Any CPU.ActiveCfg = Debug|x64
		{84A009B7-A1C8-4C96-BEF5-BC098CA4C2C2}.Debug|Any CPU.Build.0 = Debug|x64
		{84A009B7-A1C8-4C96-BEF5-BC098CA4C2C2}.Debug|x64.ActiveCfg = Debug|x64
		{84A009B7-A1C8-4C96-BEF5-BC098CA4C2C2}.Debug|x64.Build.0 = Debug|x64
		{84A009B7-A1C8-4C96-BEF5-BC098CA4C2C2}.Debug|x86.ActiveCfg = Debug|Win32
		{84A009B7-A1C8-4C96-BEF5-BC098CA4C2C2}.Debug|x86.Build.0 = Debug|Win32
		{84A009B7-A1C8-4C96-BEF5-BC098CA4C2C2}.Release|Any CPU.ActiveCfg = Release|Win32
		{84A009B7-A1C8-4C96-BEF5-BC098CA4C2C2}.Release|x64.ActiveCfg = Release|x64
		{84A009B7-A1C8-4C96-BEF5-BC098CA4C2C2}.Release|x64.Build.0 = Release|x64
		{84A009B7-A1C8-4C96-BEF5-BC098CA4C2C2}.Release|x86.ActiveCfg = Release|Win32
		{84A009B7-A1C8-4C96-BEF5-BC098CA4C2C2}.Release|x86.Build.0 = Release|Win32
		{1E05DB76-6798-4598-B145-0F057523148F}.Debug|Any CPU.ActiveCfg = Debug|Any CPU
		{1E05DB76-6798-4598-B145-0F057523148F}.Debug|Any CPU.Build.0 = Debug|Any CPU
		{1E05DB76-6798-4598-B145-0F057523148F}.Debug|x64.ActiveCfg = Debug|Any CPU
		{1E05DB76-6798-4598-B145-0F057523148F}.Debug|x64.Build.0 = Debug|Any CPU
		{1E05DB76-6798-4598-B145-0F057523148F}.Debug|x86.ActiveCfg = Debug|Any CPU
		{1E05DB76-6798-4598-B145-0F057523148F}.Debug|x86.Build.0 = Debug|Any CPU
		{1E05DB76-6798-4598-B145-0F057523148F}.Release|Any CPU.ActiveCfg = Release|Any CPU
		{1E05DB76-6798-4598-B145-0F057523148F}.Release|Any CPU.Build.0 = Release|Any CPU
		{1E05DB76-6798-4598-B145-0F057523148F}.Release|x64.ActiveCfg = Release|Any CPU
		{1E05DB76-6798-4598-B145-0F057523148F}.Release|x64.Build.0 = Release|Any CPU
		{1E05DB76-6798-4598-B145-0F057523148F}.Release|x86.ActiveCfg = Release|Any CPU
		{1E05DB76-6798-4598-B145-0F057523148F}.Release|x86.Build.0 = Release|Any CPU
		{237FC66A-A2AB-4E2D-8231-C31BC6F1538D}.Debug|Any CPU.ActiveCfg = Debug|Win32
		{237FC66A-A2AB-4E2D-8231-C31BC6F1538D}.Debug|x64.ActiveCfg = Debug|x64
		{237FC66A-A2AB-4E2D-8231-C31BC6F1538D}.Debug|x64.Build.0 = Debug|x64
		{237FC66A-A2AB-4E2D-8231-C31BC6F1538D}.Debug|x86.ActiveCfg = Debug|Win32
		{237FC66A-A2AB-4E2D-8231-C31BC6F1538D}.Debug|x86.Build.0 = Debug|Win32
		{237FC66A-A2AB-4E2D-8231-C31BC6F1538D}.Release|Any CPU.ActiveCfg = Release|Win32
		{237FC66A-A2AB-4E2D-8231-C31BC6F1538D}.Release|x64.ActiveCfg = Release|x64
		{237FC66A-A2AB-4E2D-8231-C31BC6F1538D}.Release|x64.Build.0 = Release|x64
		{237FC66A-A2AB-4E2D-8231-C31BC6F1538D}.Release|x86.ActiveCfg = Release|Win32
		{237FC66A-A2AB-4E2D-8231-C31BC6F1538D}.Release|x86.Build.0 = Release|Win32
		{9A2BD3EF-6391-4586-907B-7A9652E85426}.Debug|Any CPU.ActiveCfg = Debug|Win32
		{9A2BD3EF-6391-4586-907B-7A9652E85426}.Debug|x64.ActiveCfg = Debug|x64
		{9A2BD3EF-6391-4586-907B-7A9652E85426}.Debug|x64.Build.0 = Debug|x64
		{9A2BD3EF-6391-4586-907B-7A9652E85426}.Debug|x86.ActiveCfg = Debug|Win32
		{9A2BD3EF-6391-4586-907B-7A9652E85426}.Debug|x86.Build.0 = Debug|Win32
		{9A2BD3EF-6391-4586-907B-7A9652E85426}.Release|Any CPU.ActiveCfg = Release|Win32
		{9A2BD3EF-6391-4586-907B-7A9652E85426}.Release|x64.ActiveCfg = Release|x64
		{9A2BD3EF-6391-4586-907B-7A9652E85426}.Release|x64.Build.0 = Release|x64
		{9A2BD3EF-6391-4586-907B-7A9652E85426}.Release|x86.ActiveCfg = Release|Win32
		{9A2BD3EF-6391-4586-907B-7A9652E85426}.Release|x86.Build.0 = Release|Win32
	EndGlobalSection
	GlobalSection(SolutionProperties) = preSolution
		HideSolutionNode = FALSE
	EndGlobalSection
EndGlobal
